
Microsoft Visual Studio Solution File, Format Version 12.00
# Visual Studio 15
VisualStudioVersion = 15.0.27428.2015
MinimumVisualStudioVersion = 10.0.40219.1
Project("{FAE04EC0-301F-11D3-BF4B-00C04F79EFBC}") = "Control Dietas", "Control Dietas\Control Dietas.csproj", "{322DD5C1-B6F1-42F4-9764-F541CBE97B53}"
EndProject
Global
	GlobalSection(SolutionConfigurationPlatforms) = preSolution
		Debug|Any CPU = Debug|Any CPU
		Release|Any CPU = Release|Any CPU
	EndGlobalSection
	GlobalSection(ProjectConfigurationPlatforms) = postSolution
		{322DD5C1-B6F1-42F4-9764-F541CBE97B53}.Debug|Any CPU.ActiveCfg = Debug|Any CPU
		{322DD5C1-B6F1-42F4-9764-F541CBE97B53}.Debug|Any CPU.Build.0 = Debug|Any CPU
		{322DD5C1-B6F1-42F4-9764-F541CBE97B53}.Release|Any CPU.ActiveCfg = Release|Any CPU
		{322DD5C1-B6F1-42F4-9764-F541CBE97B53}.Release|Any CPU.Build.0 = Release|Any CPU
	EndGlobalSection
	GlobalSection(SolutionProperties) = preSolution
		HideSolutionNode = FALSE
	EndGlobalSection
	GlobalSection(ExtensibilityGlobals) = postSolution
		SolutionGuid = {D341146C-D87B-404F-8563-3E58251B0550}
	EndGlobalSection
EndGlobal
