
Microsoft Visual Studio Solution File, Format Version 12.00
# Visual Studio Version 16
VisualStudioVersion = 16.0.28922.388
MinimumVisualStudioVersion = 10.0.40219.1
Project("{FAE04EC0-301F-11D3-BF4B-00C04F79EFBC}") = "Mycrud", "Mycrud.csproj", "{1649DC92-7BB5-4E5C-95D9-4E2F20E14AF8}"
EndProject
Global
	GlobalSection(SolutionConfigurationPlatforms) = preSolution
		Debug|Any CPU = Debug|Any CPU
		Release|Any CPU = Release|Any CPU
	EndGlobalSection
	GlobalSection(ProjectConfigurationPlatforms) = postSolution
		{1649DC92-7BB5-4E5C-95D9-4E2F20E14AF8}.Debug|Any CPU.ActiveCfg = Debug|Any CPU
		{1649DC92-7BB5-4E5C-95D9-4E2F20E14AF8}.Debug|Any CPU.Build.0 = Debug|Any CPU
		{1649DC92-7BB5-4E5C-95D9-4E2F20E14AF8}.Release|Any CPU.ActiveCfg = Release|Any CPU
		{1649DC92-7BB5-4E5C-95D9-4E2F20E14AF8}.Release|Any CPU.Build.0 = Release|Any CPU
	EndGlobalSection
	GlobalSection(SolutionProperties) = preSolution
		HideSolutionNode = FALSE
	EndGlobalSection
	GlobalSection(ExtensibilityGlobals) = postSolution
		SolutionGuid = {BAE820F0-585C-4638-85FC-9C0896784C62}
	EndGlobalSection
EndGlobal
