
Microsoft Visual Studio Solution File, Format Version 12.00
# Visual Studio Version 16
VisualStudioVersion = 16.0.29009.5
MinimumVisualStudioVersion = 10.0.40219.1
Project("{FAE04EC0-301F-11D3-BF4B-00C04F79EFBC}") = "RecepcionDocuments", "RecepcionDocuments\RecepcionDocuments.csproj", "{1DB05320-4F26-4C0B-991E-8D68433D088F}"
EndProject
Global
	GlobalSection(SolutionConfigurationPlatforms) = preSolution
		Debug|Any CPU = Debug|Any CPU
		Release|Any CPU = Release|Any CPU
	EndGlobalSection
	GlobalSection(ProjectConfigurationPlatforms) = postSolution
		{1DB05320-4F26-4C0B-991E-8D68433D088F}.Debug|Any CPU.ActiveCfg = Debug|Any CPU
		{1DB05320-4F26-4C0B-991E-8D68433D088F}.Debug|Any CPU.Build.0 = Debug|Any CPU
		{1DB05320-4F26-4C0B-991E-8D68433D088F}.Release|Any CPU.ActiveCfg = Release|Any CPU
		{1DB05320-4F26-4C0B-991E-8D68433D088F}.Release|Any CPU.Build.0 = Release|Any CPU
	EndGlobalSection
	GlobalSection(SolutionProperties) = preSolution
		HideSolutionNode = FALSE
	EndGlobalSection
	GlobalSection(ExtensibilityGlobals) = postSolution
		SolutionGuid = {D2701329-8568-4B73-9943-01D9397D18F7}
	EndGlobalSection
EndGlobal
