
Microsoft Visual Studio Solution File, Format Version 12.00
# Visual Studio Version 16
VisualStudioVersion = 16.0.28922.388
MinimumVisualStudioVersion = 10.0.40219.1
Project("{FAE04EC0-301F-11D3-BF4B-00C04F79EFBC}") = "CrudWindowsForms", "WindowsFormsCrud\CrudWindowsForms.csproj", "{DA3D4560-A6DF-4904-89BA-41EEA12FE74A}"
EndProject
Global
	GlobalSection(SolutionConfigurationPlatforms) = preSolution
		Debug|Any CPU = Debug|Any CPU
		Release|Any CPU = Release|Any CPU
	EndGlobalSection
	GlobalSection(ProjectConfigurationPlatforms) = postSolution
		{DA3D4560-A6DF-4904-89BA-41EEA12FE74A}.Debug|Any CPU.ActiveCfg = Debug|Any CPU
		{DA3D4560-A6DF-4904-89BA-41EEA12FE74A}.Debug|Any CPU.Build.0 = Debug|Any CPU
		{DA3D4560-A6DF-4904-89BA-41EEA12FE74A}.Release|Any CPU.ActiveCfg = Release|Any CPU
		{DA3D4560-A6DF-4904-89BA-41EEA12FE74A}.Release|Any CPU.Build.0 = Release|Any CPU
	EndGlobalSection
	GlobalSection(SolutionProperties) = preSolution
		HideSolutionNode = FALSE
	EndGlobalSection
	GlobalSection(ExtensibilityGlobals) = postSolution
		SolutionGuid = {FE403EC6-EE5F-48E5-B49F-B1BF1CAD3517}
	EndGlobalSection
EndGlobal
